// !$*UTF8*$!
{
	archiveVersion = 1;
	classes = {
	};
	objectVersion = 46;
	objects = {

/* Begin PBXBuildFile section */
		C41D132B1A5C416200825AC0 /* main.m in Sources */ = {isa = PBXBuildFile; fileRef = C41D132A1A5C416200825AC0 /* main.m */; };
		C41D132E1A5C416200825AC0 /* AppDelegate.m in Sources */ = {isa = PBXBuildFile; fileRef = C41D132D1A5C416200825AC0 /* AppDelegate.m */; };
		C41D13331A5C416200825AC0 /* Images.xcassets in Resources */ = {isa = PBXBuildFile; fileRef = C41D13321A5C416200825AC0 /* Images.xcassets */; };
		C41D13361A5C416200825AC0 /* LaunchScreen.xib in Resources */ = {isa = PBXBuildFile; fileRef = C41D13341A5C416200825AC0 /* LaunchScreen.xib */; };
		C41D13421A5C416200825AC0 /* HomeInventoryTests.m in Sources */ = {isa = PBXBuildFile; fileRef = C41D13411A5C416200825AC0 /* HomeInventoryTests.m */; };
		C41D134D1A5C42C200825AC0 /* BITItemsViewController.m in Sources */ = {isa = PBXBuildFile; fileRef = C41D134C1A5C42C200825AC0 /* BITItemsViewController.m */; };
		C41D13501A5C464700825AC0 /* BITItem.m in Sources */ = {isa = PBXBuildFile; fileRef = C41D134E1A5C464700825AC0 /* BITItem.m */; };
		C41D13531A5C630200825AC0 /* BITItemStore.m in Sources */ = {isa = PBXBuildFile; fileRef = C41D13521A5C630200825AC0 /* BITItemStore.m */; };
		C41D135C1A5D983100825AC0 /* BITDetailViewController.m in Sources */ = {isa = PBXBuildFile; fileRef = C41D135A1A5D983100825AC0 /* BITDetailViewController.m */; };
		C41D135D1A5D983100825AC0 /* BITDetailViewController.xib in Resources */ = {isa = PBXBuildFile; fileRef = C41D135B1A5D983100825AC0 /* BITDetailViewController.xib */; };
		C41D13601A5DC4D400825AC0 /* BITImageStore.m in Sources */ = {isa = PBXBuildFile; fileRef = C41D135F1A5DC4D400825AC0 /* BITImageStore.m */; };
/* End PBXBuildFile section */

/* Begin PBXContainerItemProxy section */
		C41D133C1A5C416200825AC0 /* PBXContainerItemProxy */ = {
			isa = PBXContainerItemProxy;
			containerPortal = C41D131D1A5C416200825AC0 /* Project object */;
			proxyType = 1;
			remoteGlobalIDString = C41D13241A5C416200825AC0;
			remoteInfo = HomeInventory;
		};
/* End PBXContainerItemProxy section */

/* Begin PBXFileReference section */
		C41D13251A5C416200825AC0 /* HomeInventory.app */ = {isa = PBXFileReference; explicitFileType = wrapper.application; includeInIndex = 0; path = HomeInventory.app; sourceTree = BUILT_PRODUCTS_DIR; };
		C41D13291A5C416200825AC0 /* Info.plist */ = {isa = PBXFileReference; lastKnownFileType = text.plist.xml; path = Info.plist; sourceTree = "<group>"; };
		C41D132A1A5C416200825AC0 /* main.m */ = {isa = PBXFileReference; lastKnownFileType = sourcecode.c.objc; path = main.m; sourceTree = "<group>"; };
		C41D132C1A5C416200825AC0 /* AppDelegate.h */ = {isa = PBXFileReference; lastKnownFileType = sourcecode.c.h; path = AppDelegate.h; sourceTree = "<group>"; };
		C41D132D1A5C416200825AC0 /* AppDelegate.m */ = {isa = PBXFileReference; lastKnownFileType = sourcecode.c.objc; path = AppDelegate.m; sourceTree = "<group>"; };
		C41D13321A5C416200825AC0 /* Images.xcassets */ = {isa = PBXFileReference; lastKnownFileType = folder.assetcatalog; path = Images.xcassets; sourceTree = "<group>"; };
		C41D13351A5C416200825AC0 /* Base */ = {isa = PBXFileReference; lastKnownFileType = file.xib; name = Base; path = Base.lproj/LaunchScreen.xib; sourceTree = "<group>"; };
		C41D133B1A5C416200825AC0 /* HomeInventoryTests.xctest */ = {isa = PBXFileReference; explicitFileType = wrapper.cfbundle; includeInIndex = 0; path = HomeInventoryTests.xctest; sourceTree = BUILT_PRODUCTS_DIR; };
		C41D13401A5C416200825AC0 /* Info.plist */ = {isa = PBXFileReference; lastKnownFileType = text.plist.xml; path = Info.plist; sourceTree = "<group>"; };
		C41D13411A5C416200825AC0 /* HomeInventoryTests.m */ = {isa = PBXFileReference; lastKnownFileType = sourcecode.c.objc; path = HomeInventoryTests.m; sourceTree = "<group>"; };
		C41D134B1A5C42C200825AC0 /* BITItemsViewController.h */ = {isa = PBXFileReference; fileEncoding = 4; lastKnownFileType = sourcecode.c.h; path = BITItemsViewController.h; sourceTree = "<group>"; };
		C41D134C1A5C42C200825AC0 /* BITItemsViewController.m */ = {isa = PBXFileReference; fileEncoding = 4; lastKnownFileType = sourcecode.c.objc; path = BITItemsViewController.m; sourceTree = "<group>"; };
		C41D134E1A5C464700825AC0 /* BITItem.m */ = {isa = PBXFileReference; fileEncoding = 4; lastKnownFileType = sourcecode.c.objc; path = BITItem.m; sourceTree = "<group>"; };
		C41D134F1A5C464700825AC0 /* BITItem.h */ = {isa = PBXFileReference; fileEncoding = 4; lastKnownFileType = sourcecode.c.h; path = BITItem.h; sourceTree = "<group>"; };
		C41D13511A5C630200825AC0 /* BITItemStore.h */ = {isa = PBXFileReference; fileEncoding = 4; lastKnownFileType = sourcecode.c.h; path = BITItemStore.h; sourceTree = "<group>"; };
		C41D13521A5C630200825AC0 /* BITItemStore.m */ = {isa = PBXFileReference; fileEncoding = 4; lastKnownFileType = sourcecode.c.objc; path = BITItemStore.m; sourceTree = "<group>"; };
		C41D13591A5D983100825AC0 /* BITDetailViewController.h */ = {isa = PBXFileReference; fileEncoding = 4; lastKnownFileType = sourcecode.c.h; path = BITDetailViewController.h; sourceTree = "<group>"; };
		C41D135A1A5D983100825AC0 /* BITDetailViewController.m */ = {isa = PBXFileReference; fileEncoding = 4; lastKnownFileType = sourcecode.c.objc; path = BITDetailViewController.m; sourceTree = "<group>"; };
		C41D135B1A5D983100825AC0 /* BITDetailViewController.xib */ = {isa = PBXFileReference; fileEncoding = 4; lastKnownFileType = file.xib; path = BITDetailViewController.xib; sourceTree = "<group>"; };
		C41D135E1A5DC4D400825AC0 /* BITImageStore.h */ = {isa = PBXFileReference; fileEncoding = 4; lastKnownFileType = sourcecode.c.h; path = BITImageStore.h; sourceTree = "<group>"; };
		C41D135F1A5DC4D400825AC0 /* BITImageStore.m */ = {isa = PBXFileReference; fileEncoding = 4; lastKnownFileType = sourcecode.c.objc; path = BITImageStore.m; sourceTree = "<group>"; };
/* End PBXFileReference section */

/* Begin PBXFrameworksBuildPhase section */
		C41D13221A5C416200825AC0 /* Frameworks */ = {
			isa = PBXFrameworksBuildPhase;
			buildActionMask = 2147483647;
			files = (
			);
			runOnlyForDeploymentPostprocessing = 0;
		};
		C41D13381A5C416200825AC0 /* Frameworks */ = {
			isa = PBXFrameworksBuildPhase;
			buildActionMask = 2147483647;
			files = (
			);
			runOnlyForDeploymentPostprocessing = 0;
		};
/* End PBXFrameworksBuildPhase section */

/* Begin PBXGroup section */
		C41D131C1A5C416200825AC0 = {
			isa = PBXGroup;
			children = (
				C41D13271A5C416200825AC0 /* HomeInventory */,
				C41D133E1A5C416200825AC0 /* HomeInventoryTests */,
				C41D13261A5C416200825AC0 /* Products */,
			);
			sourceTree = "<group>";
		};
		C41D13261A5C416200825AC0 /* Products */ = {
			isa = PBXGroup;
			children = (
				C41D13251A5C416200825AC0 /* HomeInventory.app */,
				C41D133B1A5C416200825AC0 /* HomeInventoryTests.xctest */,
			);
			name = Products;
			sourceTree = "<group>";
		};
		C41D13271A5C416200825AC0 /* HomeInventory */ = {
			isa = PBXGroup;
			children = (
				C41D13591A5D983100825AC0 /* BITDetailViewController.h */,
				C41D135A1A5D983100825AC0 /* BITDetailViewController.m */,
				C41D135E1A5DC4D400825AC0 /* BITImageStore.h */,
				C41D135F1A5DC4D400825AC0 /* BITImageStore.m */,
				C41D135B1A5D983100825AC0 /* BITDetailViewController.xib */,
				C41D134F1A5C464700825AC0 /* BITItem.h */,
				C41D134E1A5C464700825AC0 /* BITItem.m */,
				C41D13511A5C630200825AC0 /* BITItemStore.h */,
				C41D13521A5C630200825AC0 /* BITItemStore.m */,
				C41D132C1A5C416200825AC0 /* AppDelegate.h */,
				C41D132D1A5C416200825AC0 /* AppDelegate.m */,
				C41D134B1A5C42C200825AC0 /* BITItemsViewController.h */,
				C41D134C1A5C42C200825AC0 /* BITItemsViewController.m */,
				C41D13321A5C416200825AC0 /* Images.xcassets */,
				C41D13341A5C416200825AC0 /* LaunchScreen.xib */,
				C41D13281A5C416200825AC0 /* Supporting Files */,
			);
			path = HomeInventory;
			sourceTree = "<group>";
		};
		C41D13281A5C416200825AC0 /* Supporting Files */ = {
			isa = PBXGroup;
			children = (
				C41D13291A5C416200825AC0 /* Info.plist */,
				C41D132A1A5C416200825AC0 /* main.m */,
			);
			name = "Supporting Files";
			sourceTree = "<group>";
		};
		C41D133E1A5C416200825AC0 /* HomeInventoryTests */ = {
			isa = PBXGroup;
			children = (
				C41D13411A5C416200825AC0 /* HomeInventoryTests.m */,
				C41D133F1A5C416200825AC0 /* Supporting Files */,
			);
			path = HomeInventoryTests;
			sourceTree = "<group>";
		};
		C41D133F1A5C416200825AC0 /* Supporting Files */ = {
			isa = PBXGroup;
			children = (
				C41D13401A5C416200825AC0 /* Info.plist */,
			);
			name = "Supporting Files";
			sourceTree = "<group>";
		};
/* End PBXGroup section */

/* Begin PBXNativeTarget section */
		C41D13241A5C416200825AC0 /* HomeInventory */ = {
			isa = PBXNativeTarget;
			buildConfigurationList = C41D13451A5C416200825AC0 /* Build configuration list for PBXNativeTarget "HomeInventory" */;
			buildPhases = (
				C41D13211A5C416200825AC0 /* Sources */,
				C41D13221A5C416200825AC0 /* Frameworks */,
				C41D13231A5C416200825AC0 /* Resources */,
			);
			buildRules = (
			);
			dependencies = (
			);
			name = HomeInventory;
			productName = HomeInventory;
			productReference = C41D13251A5C416200825AC0 /* HomeInventory.app */;
			productType = "com.apple.product-type.application";
		};
		C41D133A1A5C416200825AC0 /* HomeInventoryTests */ = {
			isa = PBXNativeTarget;
			buildConfigurationList = C41D13481A5C416200825AC0 /* Build configuration list for PBXNativeTarget "HomeInventoryTests" */;
			buildPhases = (
				C41D13371A5C416200825AC0 /* Sources */,
				C41D13381A5C416200825AC0 /* Frameworks */,
				C41D13391A5C416200825AC0 /* Resources */,
			);
			buildRules = (
			);
			dependencies = (
				C41D133D1A5C416200825AC0 /* PBXTargetDependency */,
			);
			name = HomeInventoryTests;
			productName = HomeInventoryTests;
			productReference = C41D133B1A5C416200825AC0 /* HomeInventoryTests.xctest */;
			productType = "com.apple.product-type.bundle.unit-test";
		};
/* End PBXNativeTarget section */

/* Begin PBXProject section */
		C41D131D1A5C416200825AC0 /* Project object */ = {
			isa = PBXProject;
			attributes = {
				LastUpgradeCheck = 0610;
				ORGANIZATIONNAME = "David Kerins";
				TargetAttributes = {
					C41D13241A5C416200825AC0 = {
						CreatedOnToolsVersion = 6.1.1;
					};
					C41D133A1A5C416200825AC0 = {
						CreatedOnToolsVersion = 6.1.1;
						TestTargetID = C41D13241A5C416200825AC0;
					};
				};
			};
			buildConfigurationList = C41D13201A5C416200825AC0 /* Build configuration list for PBXProject "HomeInventory" */;
			compatibilityVersion = "Xcode 3.2";
			developmentRegion = English;
			hasScannedForEncodings = 0;
			knownRegions = (
				en,
				Base,
			);
			mainGroup = C41D131C1A5C416200825AC0;
			productRefGroup = C41D13261A5C416200825AC0 /* Products */;
			projectDirPath = "";
			projectRoot = "";
			targets = (
				C41D13241A5C416200825AC0 /* HomeInventory */,
				C41D133A1A5C416200825AC0 /* HomeInventoryTests */,
			);
		};
/* End PBXProject section */

/* Begin PBXResourcesBuildPhase section */
		C41D13231A5C416200825AC0 /* Resources */ = {
			isa = PBXResourcesBuildPhase;
			buildActionMask = 2147483647;
			files = (
				C41D135D1A5D983100825AC0 /* BITDetailViewController.xib in Resources */,
				C41D13361A5C416200825AC0 /* LaunchScreen.xib in Resources */,
				C41D13331A5C416200825AC0 /* Images.xcassets in Resources */,
			);
			runOnlyForDeploymentPostprocessing = 0;
		};
		C41D13391A5C416200825AC0 /* Resources */ = {
			isa = PBXResourcesBuildPhase;
			buildActionMask = 2147483647;
			files = (
			);
			runOnlyForDeploymentPostprocessing = 0;
		};
/* End PBXResourcesBuildPhase section */

/* Begin PBXSourcesBuildPhase section */
		C41D13211A5C416200825AC0 /* Sources */ = {
			isa = PBXSourcesBuildPhase;
			buildActionMask = 2147483647;
			files = (
				C41D13601A5DC4D400825AC0 /* BITImageStore.m in Sources */,
				C41D13531A5C630200825AC0 /* BITItemStore.m in Sources */,
				C41D134D1A5C42C200825AC0 /* BITItemsViewController.m in Sources */,
				C41D132E1A5C416200825AC0 /* AppDelegate.m in Sources */,
				C41D13501A5C464700825AC0 /* BITItem.m in Sources */,
				C41D132B1A5C416200825AC0 /* main.m in Sources */,
				C41D135C1A5D983100825AC0 /* BITDetailViewController.m in Sources */,
			);
			runOnlyForDeploymentPostprocessing = 0;
		};
		C41D13371A5C416200825AC0 /* Sources */ = {
			isa = PBXSourcesBuildPhase;
			buildActionMask = 2147483647;
			files = (
				C41D13421A5C416200825AC0 /* HomeInventoryTests.m in Sources */,
			);
			runOnlyForDeploymentPostprocessing = 0;
		};
/* End PBXSourcesBuildPhase section */

/* Begin PBXTargetDependency section */
		C41D133D1A5C416200825AC0 /* PBXTargetDependency */ = {
			isa = PBXTargetDependency;
			target = C41D13241A5C416200825AC0 /* HomeInventory */;
			targetProxy = C41D133C1A5C416200825AC0 /* PBXContainerItemProxy */;
		};
/* End PBXTargetDependency section */

/* Begin PBXVariantGroup section */
		C41D13341A5C416200825AC0 /* LaunchScreen.xib */ = {
			isa = PBXVariantGroup;
			children = (
				C41D13351A5C416200825AC0 /* Base */,
			);
			name = LaunchScreen.xib;
			sourceTree = "<group>";
		};
/* End PBXVariantGroup section */

/* Begin XCBuildConfiguration section */
		C41D13431A5C416200825AC0 /* Debug */ = {
			isa = XCBuildConfiguration;
			buildSettings = {
				ALWAYS_SEARCH_USER_PATHS = NO;
				CLANG_CXX_LANGUAGE_STANDARD = "gnu++0x";
				CLANG_CXX_LIBRARY = "libc++";
				CLANG_ENABLE_MODULES = YES;
				CLANG_ENABLE_OBJC_ARC = YES;
				CLANG_WARN_BOOL_CONVERSION = YES;
				CLANG_WARN_CONSTANT_CONVERSION = YES;
				CLANG_WARN_DIRECT_OBJC_ISA_USAGE = YES_ERROR;
				CLANG_WARN_EMPTY_BODY = YES;
				CLANG_WARN_ENUM_CONVERSION = YES;
				CLANG_WARN_INT_CONVERSION = YES;
				CLANG_WARN_OBJC_ROOT_CLASS = YES_ERROR;
				CLANG_WARN_UNREACHABLE_CODE = YES;
				CLANG_WARN__DUPLICATE_METHOD_MATCH = YES;
				"CODE_SIGN_IDENTITY[sdk=iphoneos*]" = "iPhone Developer";
				COPY_PHASE_STRIP = NO;
				ENABLE_STRICT_OBJC_MSGSEND = YES;
				GCC_C_LANGUAGE_STANDARD = gnu99;
				GCC_DYNAMIC_NO_PIC = NO;
				GCC_OPTIMIZATION_LEVEL = 0;
				GCC_PREPROCESSOR_DEFINITIONS = (
					"DEBUG=1",
					"$(inherited)",
				);
				GCC_SYMBOLS_PRIVATE_EXTERN = NO;
				GCC_WARN_64_TO_32_BIT_CONVERSION = YES;
				GCC_WARN_ABOUT_RETURN_TYPE = YES_ERROR;
				GCC_WARN_UNDECLARED_SELECTOR = YES;
				GCC_WARN_UNINITIALIZED_AUTOS = YES_AGGRESSIVE;
				GCC_WARN_UNUSED_FUNCTION = YES;
				GCC_WARN_UNUSED_VARIABLE = YES;
				IPHONEOS_DEPLOYMENT_TARGET = 8.1;
				MTL_ENABLE_DEBUG_INFO = YES;
				ONLY_ACTIVE_ARCH = YES;
				SDKROOT = iphoneos;
			};
			name = Debug;
		};
		C41D13441A5C416200825AC0 /* Release */ = {
			isa = XCBuildConfiguration;
			buildSettings = {
				ALWAYS_SEARCH_USER_PATHS = NO;
				CLANG_CXX_LANGUAGE_STANDARD = "gnu++0x";
				CLANG_CXX_LIBRARY = "libc++";
				CLANG_ENABLE_MODULES = YES;
				CLANG_ENABLE_OBJC_ARC = YES;
				CLANG_WARN_BOOL_CONVERSION = YES;
				CLANG_WARN_CONSTANT_CONVERSION = YES;
				CLANG_WARN_DIRECT_OBJC_ISA_USAGE = YES_ERROR;
				CLANG_WARN_EMPTY_BODY = YES;
				CLANG_WARN_ENUM_CONVERSION = YES;
				CLANG_WARN_INT_CONVERSION = YES;
				CLANG_WARN_OBJC_ROOT_CLASS = YES_ERROR;
				CLANG_WARN_UNREACHABLE_CODE = YES;
				CLANG_WARN__DUPLICATE_METHOD_MATCH = YES;
				"CODE_SIGN_IDENTITY[sdk=iphoneos*]" = "iPhone Developer";
				COPY_PHASE_STRIP = YES;
				ENABLE_NS_ASSERTIONS = NO;
				ENABLE_STRICT_OBJC_MSGSEND = YES;
				GCC_C_LANGUAGE_STANDARD = gnu99;
				GCC_WARN_64_TO_32_BIT_CONVERSION = YES;
				GCC_WARN_ABOUT_RETURN_TYPE = YES_ERROR;
				GCC_WARN_UNDECLARED_SELECTOR = YES;
				GCC_WARN_UNINITIALIZED_AUTOS = YES_AGGRESSIVE;
				GCC_WARN_UNUSED_FUNCTION = YES;
				GCC_WARN_UNUSED_VARIABLE = YES;
				IPHONEOS_DEPLOYMENT_TARGET = 8.1;
				MTL_ENABLE_DEBUG_INFO = NO;
				SDKROOT = iphoneos;
				VALIDATE_PRODUCT = YES;
			};
			name = Release;
		};
		C41D13461A5C416200825AC0 /* Debug */ = {
			isa = XCBuildConfiguration;
			buildSettings = {
				ASSETCATALOG_COMPILER_APPICON_NAME = AppIcon;
				INFOPLIST_FILE = HomeInventory/Info.plist;
				LD_RUNPATH_SEARCH_PATHS = "$(inherited) @executable_path/Frameworks";
				PRODUCT_NAME = "$(TARGET_NAME)";
			};
			name = Debug;
		};
		C41D13471A5C416200825AC0 /* Release */ = {
			isa = XCBuildConfiguration;
			buildSettings = {
				ASSETCATALOG_COMPILER_APPICON_NAME = AppIcon;
				INFOPLIST_FILE = HomeInventory/Info.plist;
				LD_RUNPATH_SEARCH_PATHS = "$(inherited) @executable_path/Frameworks";
				PRODUCT_NAME = "$(TARGET_NAME)";
			};
			name = Release;
		};
		C41D13491A5C416200825AC0 /* Debug */ = {
			isa = XCBuildConfiguration;
			buildSettings = {
				BUNDLE_LOADER = "$(TEST_HOST)";
				FRAMEWORK_SEARCH_PATHS = (
					"$(SDKROOT)/Developer/Library/Frameworks",
					"$(inherited)",
				);
				GCC_PREPROCESSOR_DEFINITIONS = (
					"DEBUG=1",
					"$(inherited)",
				);
				INFOPLIST_FILE = HomeInventoryTests/Info.plist;
				LD_RUNPATH_SEARCH_PATHS = "$(inherited) @executable_path/Frameworks @loader_path/Frameworks";
				PRODUCT_NAME = "$(TARGET_NAME)";
				TEST_HOST = "$(BUILT_PRODUCTS_DIR)/HomeInventory.app/HomeInventory";
			};
			name = Debug;
		};
		C41D134A1A5C416200825AC0 /* Release */ = {
			isa = XCBuildConfiguration;
			buildSettings = {
				BUNDLE_LOADER = "$(TEST_HOST)";
				FRAMEWORK_SEARCH_PATHS = (
					"$(SDKROOT)/Developer/Library/Frameworks",
					"$(inherited)",
				);
				INFOPLIST_FILE = HomeInventoryTests/Info.plist;
				LD_RUNPATH_SEARCH_PATHS = "$(inherited) @executable_path/Frameworks @loader_path/Frameworks";
				PRODUCT_NAME = "$(TARGET_NAME)";
				TEST_HOST = "$(BUILT_PRODUCTS_DIR)/HomeInventory.app/HomeInventory";
			};
			name = Release;
		};
/* End XCBuildConfiguration section */

/* Begin XCConfigurationList section */
		C41D13201A5C416200825AC0 /* Build configuration list for PBXProject "HomeInventory" */ = {
			isa = XCConfigurationList;
			buildConfigurations = (
				C41D13431A5C416200825AC0 /* Debug */,
				C41D13441A5C416200825AC0 /* Release */,
			);
			defaultConfigurationIsVisible = 0;
			defaultConfigurationName = Release;
		};
		C41D13451A5C416200825AC0 /* Build configuration list for PBXNativeTarget "HomeInventory" */ = {
			isa = XCConfigurationList;
			buildConfigurations = (
				C41D13461A5C416200825AC0 /* Debug */,
				C41D13471A5C416200825AC0 /* Release */,
			);
			defaultConfigurationIsVisible = 0;
		};
		C41D13481A5C416200825AC0 /* Build configuration list for PBXNativeTarget "HomeInventoryTests" */ = {
			isa = XCConfigurationList;
			buildConfigurations = (
				C41D13491A5C416200825AC0 /* Debug */,
				C41D134A1A5C416200825AC0 /* Release */,
			);
			defaultConfigurationIsVisible = 0;
		};
/* End XCConfigurationList section */
	};
	rootObject = C41D131D1A5C416200825AC0 /* Project object */;
}
